// !$*UTF8*$!
{
	archiveVersion = 1;
	classes = {
	};
	objectVersion = 77;
	objects = {

/* Begin PBXBuildFile section */
		A000000000000000000000B1 /* FluidAudio in Frameworks */ = {isa = PBXBuildFile; productRef = A000000000000000000000A1 /* FluidAudio */; };
		A000000000000000000000B2 /* KeyboardShortcuts in Frameworks */ = {isa = PBXBuildFile; productRef = A000000000000000000000A2 /* KeyboardShortcuts */; };
		A000000000000000000000B3 /* Assets.xcassets in Resources */ = {isa = PBXBuildFile; fileRef = A00000000000000000000012 /* Assets.xcassets */; };
		A000000000000000000000B4 /* help-content.md in Resources */ = {isa = PBXBuildFile; fileRef = A00000000000000000000013 /* help-content.md */; };
/* End PBXBuildFile section */

/* Begin PBXFileReference section */
		A00000000000000000000001 /* Jot.app */ = {isa = PBXFileReference; explicitFileType = wrapper.application; includeInIndex = 0; path = Jot.app; sourceTree = BUILT_PRODUCTS_DIR; };
		A00000000000000000000010 /* Info.plist */ = {isa = PBXFileReference; lastKnownFileType = text.plist.xml; path = Info.plist; sourceTree = "<group>"; };
		A00000000000000000000011 /* Jot.entitlements */ = {isa = PBXFileReference; lastKnownFileType = text.plist.entitlements; path = Jot.entitlements; sourceTree = "<group>"; };
		A00000000000000000000012 /* Assets.xcassets */ = {isa = PBXFileReference; lastKnownFileType = folder.assetcatalog; path = Assets.xcassets; sourceTree = "<group>"; };
		A00000000000000000000013 /* help-content.md */ = {isa = PBXFileReference; lastKnownFileType = net.daringfireball.markdown; path = "help-content.md"; sourceTree = "<group>"; };
/* End PBXFileReference section */

/* Begin PBXFileSystemSynchronizedBuildFileExceptionSet section */
		A00000000000000000000022 /* Exceptions for "Sources" folder in "Jot" target */ = {
			isa = PBXFileSystemSynchronizedBuildFileExceptionSet;
			membershipExceptions = (
				App/.gitkeep,
				Delivery/.gitkeep,
				Library/.gitkeep,
				MenuBar/.gitkeep,
				Overlay/.gitkeep,
				Permissions/.gitkeep,
				Recording/.gitkeep,
				Settings/.gitkeep,
				SetupWizard/.gitkeep,
				Sounds/.gitkeep,
				Sounds/README.md,
				Transcription/.gitkeep,
			);
			target = A00000000000000000000060 /* Jot */;
		};
/* End PBXFileSystemSynchronizedBuildFileExceptionSet section */

/* Begin PBXFileSystemSynchronizedRootGroup section */
		A00000000000000000000020 /* Sources */ = {
			isa = PBXFileSystemSynchronizedRootGroup;
			exceptions = (
				A00000000000000000000022 /* Exceptions for "Sources" folder in "Jot" target */,
			);
			path = Sources;
			sourceTree = "<group>";
		};
/* End PBXFileSystemSynchronizedRootGroup section */

/* Begin PBXFrameworksBuildPhase section */
		A00000000000000000000030 /* Frameworks */ = {
			isa = PBXFrameworksBuildPhase;
			buildActionMask = 2147483647;
			files = (
				A000000000000000000000B1 /* FluidAudio in Frameworks */,
				A000000000000000000000B2 /* KeyboardShortcuts in Frameworks */,
			);
			runOnlyForDeploymentPostprocessing = 0;
		};
/* End PBXFrameworksBuildPhase section */

/* Begin PBXGroup section */
		A00000000000000000000040 /* MainGroup */ = {
			isa = PBXGroup;
			children = (
				A00000000000000000000020 /* Sources */,
				A00000000000000000000050 /* Resources */,
				A00000000000000000000041 /* Products */,
			);
			sourceTree = "<group>";
		};
		A00000000000000000000041 /* Products */ = {
			isa = PBXGroup;
			children = (
				A00000000000000000000001 /* Jot.app */,
			);
			name = Products;
			sourceTree = "<group>";
		};
		A00000000000000000000050 /* Resources */ = {
			isa = PBXGroup;
			children = (
				A00000000000000000000012 /* Assets.xcassets */,
				A00000000000000000000010 /* Info.plist */,
				A00000000000000000000011 /* Jot.entitlements */,
				A00000000000000000000013 /* help-content.md */,
			);
			path = Resources;
			sourceTree = "<group>";
		};
/* End PBXGroup section */

/* Begin PBXNativeTarget section */
		A00000000000000000000060 /* Jot */ = {
			isa = PBXNativeTarget;
			buildConfigurationList = A00000000000000000000070 /* Build configuration list for PBXNativeTarget "Jot" */;
			/*
			 * Build phases run top-to-bottom. The three Help-doc scripts
			 * (generate-fragments → concat-help-content → check-help-doc-budget)
			 * must run before the Sources compile phase so help-content.md
			 * exists by the time any Swift reference expects it. See spec
			 * docs/specs/jot-help-chatbot-spec-v5.md §11.
			 */
			buildPhases = (
				A000000000000000000000F1 /* Generate Help Fragments */,
				A000000000000000000000F2 /* Concat Help Content */,
				A000000000000000000000F3 /* Check Help Doc Budget */,
				A00000000000000000000080 /* Sources */,
				A00000000000000000000030 /* Frameworks */,
				A00000000000000000000081 /* Resources */,
			);
			buildRules = (
			);
			dependencies = (
			);
			fileSystemSynchronizedGroups = (
				A00000000000000000000020 /* Sources */,
			);
			name = Jot;
			packageProductDependencies = (
				A000000000000000000000A1 /* FluidAudio */,
				A000000000000000000000A2 /* KeyboardShortcuts */,
				A000000000000000000000A3 /* Sparkle */,
			);
			productName = Jot;
			productReference = A00000000000000000000001 /* Jot.app */;
			productType = "com.apple.product-type.application";
		};
/* End PBXNativeTarget section */

/* Begin PBXProject section */
		A00000000000000000000090 /* Project object */ = {
			isa = PBXProject;
			attributes = {
				BuildIndependentTargetsInParallel = 1;
				LastSwiftUpdateCheck = 2640;
				LastUpgradeCheck = 2640;
				TargetAttributes = {
					A00000000000000000000060 = {
						CreatedOnToolsVersion = 26.4;
					};
				};
			};
			buildConfigurationList = A00000000000000000000091 /* Build configuration list for PBXProject "Jot" */;
			developmentRegion = en;
			hasScannedForEncodings = 0;
			knownRegions = (
				en,
				Base,
			);
			mainGroup = A00000000000000000000040 /* MainGroup */;
			minimizedProjectReferenceProxies = 1;
			packageReferences = (
				A000000000000000000000C1 /* XCRemoteSwiftPackageReference "FluidAudio" */,
				A000000000000000000000C2 /* XCRemoteSwiftPackageReference "KeyboardShortcuts" */,
				A000000000000000000000C3 /* XCRemoteSwiftPackageReference "Sparkle" */,
			);
			preferredProjectObjectVersion = 77;
			productRefGroup = A00000000000000000000041 /* Products */;
			projectDirPath = "";
			projectRoot = "";
			targets = (
				A00000000000000000000060 /* Jot */,
			);
		};
/* End PBXProject section */

/* Begin PBXResourcesBuildPhase section */
		A00000000000000000000081 /* Resources */ = {
			isa = PBXResourcesBuildPhase;
			buildActionMask = 2147483647;
			files = (
				A000000000000000000000B3 /* Assets.xcassets in Resources */,
				A000000000000000000000B4 /* help-content.md in Resources */,
			);
			runOnlyForDeploymentPostprocessing = 0;
		};
/* End PBXResourcesBuildPhase section */

/* Begin PBXShellScriptBuildPhase section */
		A000000000000000000000F1 /* Generate Help Fragments */ = {
			isa = PBXShellScriptBuildPhase;
			alwaysOutOfDate = 1;
			buildActionMask = 2147483647;
			files = (
			);
			inputFileListPaths = (
			);
			inputPaths = (
				"$(SRCROOT)/Sources/LLM/GroundingDocFacts.swift",
				"$(SRCROOT)/Sources/LLM/ArticulateInstructionClassifier.swift",
				"$(SRCROOT)/tools/generate-fragments.swift",
			);
			name = "Generate Help Fragments";
			outputFileListPaths = (
			);
			outputPaths = (
				"$(SRCROOT)/Resources/fragments/languages.md",
				"$(SRCROOT)/Resources/fragments/cleanup-passes.md",
				"$(SRCROOT)/Resources/fragments/articulate-invariants.md",
				"$(SRCROOT)/Resources/fragments/articulate-branches.md",
				"$(SRCROOT)/Resources/fragments/retention.md",
				"$(SRCROOT)/Resources/fragments/model-info.md",
				"$(SRCROOT)/Resources/fragments/costs.md",
				"$(SRCROOT)/Resources/fragments/default-shortcuts.md",
				"$(SRCROOT)/Resources/fragments/default-shortcuts-toggle.md",
				"$(SRCROOT)/Resources/fragments/default-shortcuts-articulate-custom.md",
				"$(SRCROOT)/Resources/fragments/default-shortcuts-articulate-fixed.md",
				"$(SRCROOT)/Resources/fragments/default-shortcuts-paste-last.md",
			);
			runOnlyForDeploymentPostprocessing = 0;
			shellPath = /bin/sh;
			shellScript = "# Grounding-doc pipeline step 1/3 (spec v5 §11).\n# Reads Sources/LLM/GroundingDocFacts.swift and emits markdown fragments\n# under Resources/fragments/. Gitignored outputs.\nset -e\ncd \"$SRCROOT\"\nxcrun swift tools/generate-fragments.swift\n";
		};
		A000000000000000000000F2 /* Concat Help Content */ = {
			isa = PBXShellScriptBuildPhase;
			alwaysOutOfDate = 1;
			buildActionMask = 2147483647;
			files = (
			);
			inputFileListPaths = (
			);
			inputPaths = (
				"$(SRCROOT)/Resources/help-content-base.md",
				"$(SRCROOT)/tools/concat-help-content.swift",
				"$(SRCROOT)/Resources/fragments/languages.md",
				"$(SRCROOT)/Resources/fragments/cleanup-passes.md",
				"$(SRCROOT)/Resources/fragments/articulate-invariants.md",
				"$(SRCROOT)/Resources/fragments/articulate-branches.md",
				"$(SRCROOT)/Resources/fragments/retention.md",
				"$(SRCROOT)/Resources/fragments/model-info.md",
				"$(SRCROOT)/Resources/fragments/costs.md",
				"$(SRCROOT)/Resources/fragments/default-shortcuts.md",
				"$(SRCROOT)/Resources/fragments/default-shortcuts-toggle.md",
				"$(SRCROOT)/Resources/fragments/default-shortcuts-articulate-custom.md",
				"$(SRCROOT)/Resources/fragments/default-shortcuts-articulate-fixed.md",
				"$(SRCROOT)/Resources/fragments/default-shortcuts-paste-last.md",
			);
			name = "Concat Help Content";
			outputFileListPaths = (
			);
			outputPaths = (
				"$(SRCROOT)/Resources/help-content.md",
			);
			runOnlyForDeploymentPostprocessing = 0;
			shellPath = /bin/sh;
			shellScript = "# Grounding-doc pipeline step 2/3 (spec v5 §11).\n# Splices Resources/fragments/*.md into help-content-base.md and writes\n# Resources/help-content.md. Fails on unmatched <!-- FRAGMENT: name -->\n# placeholder.\nset -e\ncd \"$SRCROOT\"\nxcrun swift tools/concat-help-content.swift\n";
		};
		A000000000000000000000F3 /* Check Help Doc Budget */ = {
			isa = PBXShellScriptBuildPhase;
			alwaysOutOfDate = 1;
			buildActionMask = 2147483647;
			files = (
			);
			inputFileListPaths = (
			);
			inputPaths = (
				"$(SRCROOT)/Resources/help-content.md",
				"$(SRCROOT)/tools/check-help-doc-budget.swift",
			);
			name = "Check Help Doc Budget";
			outputFileListPaths = (
			);
			outputPaths = (
			);
			runOnlyForDeploymentPostprocessing = 0;
			shellPath = /bin/sh;
			shellScript = "# Grounding-doc pipeline step 3/3 (spec v5 §11, §17 gotcha 2–3).\n# Measures token count via SystemLanguageModel.default.tokenCount(for:)\n# and fails the build if help-content.md exceeds 1500 tokens.\nset -e\ncd \"$SRCROOT\"\nxcrun swift tools/check-help-doc-budget.swift\n";
		};
/* End PBXShellScriptBuildPhase section */

/* Begin PBXSourcesBuildPhase section */
		A00000000000000000000080 /* Sources */ = {
			isa = PBXSourcesBuildPhase;
			buildActionMask = 2147483647;
			files = (
			);
			runOnlyForDeploymentPostprocessing = 0;
		};
/* End PBXSourcesBuildPhase section */

/* Begin XCBuildConfiguration section */
		A000000000000000000000D1 /* Debug */ = {
			isa = XCBuildConfiguration;
			buildSettings = {
				ALWAYS_SEARCH_USER_PATHS = NO;
				ASSETCATALOG_COMPILER_GENERATE_SWIFT_ASSET_SYMBOL_EXTENSIONS = YES;
				CLANG_ANALYZER_NONNULL = YES;
				CLANG_ANALYZER_NUMBER_OBJECT_CONVERSION = YES_AGGRESSIVE;
				CLANG_CXX_LANGUAGE_STANDARD = "gnu++20";
				CLANG_ENABLE_MODULES = YES;
				CLANG_ENABLE_OBJC_ARC = YES;
				CLANG_ENABLE_OBJC_WEAK = YES;
				CLANG_WARN_BLOCK_CAPTURE_AUTORELEASING = YES;
				CLANG_WARN_BOOL_CONVERSION = YES;
				CLANG_WARN_COMMA = YES;
				CLANG_WARN_CONSTANT_CONVERSION = YES;
				CLANG_WARN_DEPRECATED_OBJC_IMPLEMENTATIONS = YES;
				CLANG_WARN_DIRECT_OBJC_ISA_USAGE = YES_ERROR;
				CLANG_WARN_DOCUMENTATION_COMMENTS = YES;
				CLANG_WARN_EMPTY_BODY = YES;
				CLANG_WARN_ENUM_CONVERSION = YES;
				CLANG_WARN_INFINITE_RECURSION = YES;
				CLANG_WARN_INT_CONVERSION = YES;
				CLANG_WARN_NON_LITERAL_NULL_CONVERSION = YES;
				CLANG_WARN_OBJC_IMPLICIT_RETAIN_SELF = YES;
				CLANG_WARN_OBJC_LITERAL_CONVERSION = YES;
				CLANG_WARN_OBJC_ROOT_CLASS = YES_ERROR;
				CLANG_WARN_QUOTED_INCLUDE_IN_FRAMEWORK_HEADER = YES;
				CLANG_WARN_RANGE_LOOP_ANALYSIS = YES;
				CLANG_WARN_STRICT_PROTOTYPES = YES;
				CLANG_WARN_SUSPICIOUS_MOVE = YES;
				CLANG_WARN_UNGUARDED_AVAILABILITY = YES_AGGRESSIVE;
				CLANG_WARN_UNREACHABLE_CODE = YES;
				CLANG_WARN__DUPLICATE_METHOD_MATCH = YES;
				COPY_PHASE_STRIP = NO;
				DEAD_CODE_STRIPPING = YES;
				DEBUG_INFORMATION_FORMAT = dwarf;
				ENABLE_STRICT_OBJC_MSGSEND = YES;
				ENABLE_TESTABILITY = YES;
				ENABLE_USER_SCRIPT_SANDBOXING = YES;
				GCC_C_LANGUAGE_STANDARD = gnu17;
				GCC_DYNAMIC_NO_PIC = NO;
				GCC_NO_COMMON_BLOCKS = YES;
				GCC_OPTIMIZATION_LEVEL = 0;
				GCC_PREPROCESSOR_DEFINITIONS = (
					"DEBUG=1",
					"$(inherited)",
				);
				GCC_WARN_64_TO_32_BIT_CONVERSION = YES;
				GCC_WARN_ABOUT_RETURN_TYPE = YES_ERROR;
				GCC_WARN_UNDECLARED_SELECTOR = YES;
				GCC_WARN_UNINITIALIZED_AUTOS = YES_AGGRESSIVE;
				GCC_WARN_UNUSED_FUNCTION = YES;
				GCC_WARN_UNUSED_VARIABLE = YES;
				LOCALIZATION_PREFERS_STRING_CATALOGS = YES;
				MACOSX_DEPLOYMENT_TARGET = 14.0;
				MTL_ENABLE_DEBUG_INFO = INCLUDE_SOURCE;
				MTL_FAST_MATH = YES;
				ONLY_ACTIVE_ARCH = YES;
				SDKROOT = macosx;
				SWIFT_ACTIVE_COMPILATION_CONDITIONS = "DEBUG $(inherited)";
				SWIFT_OPTIMIZATION_LEVEL = "-Onone";
			};
			name = Debug;
		};
		A000000000000000000000D2 /* Release */ = {
			isa = XCBuildConfiguration;
			buildSettings = {
				ALWAYS_SEARCH_USER_PATHS = NO;
				ASSETCATALOG_COMPILER_GENERATE_SWIFT_ASSET_SYMBOL_EXTENSIONS = YES;
				CLANG_ANALYZER_NONNULL = YES;
				CLANG_ANALYZER_NUMBER_OBJECT_CONVERSION = YES_AGGRESSIVE;
				CLANG_CXX_LANGUAGE_STANDARD = "gnu++20";
				CLANG_ENABLE_MODULES = YES;
				CLANG_ENABLE_OBJC_ARC = YES;
				CLANG_ENABLE_OBJC_WEAK = YES;
				CLANG_WARN_BLOCK_CAPTURE_AUTORELEASING = YES;
				CLANG_WARN_BOOL_CONVERSION = YES;
				CLANG_WARN_COMMA = YES;
				CLANG_WARN_CONSTANT_CONVERSION = YES;
				CLANG_WARN_DEPRECATED_OBJC_IMPLEMENTATIONS = YES;
				CLANG_WARN_DIRECT_OBJC_ISA_USAGE = YES_ERROR;
				CLANG_WARN_DOCUMENTATION_COMMENTS = YES;
				CLANG_WARN_EMPTY_BODY = YES;
				CLANG_WARN_ENUM_CONVERSION = YES;
				CLANG_WARN_INFINITE_RECURSION = YES;
				CLANG_WARN_INT_CONVERSION = YES;
				CLANG_WARN_NON_LITERAL_NULL_CONVERSION = YES;
				CLANG_WARN_OBJC_IMPLICIT_RETAIN_SELF = YES;
				CLANG_WARN_OBJC_LITERAL_CONVERSION = YES;
				CLANG_WARN_OBJC_ROOT_CLASS = YES_ERROR;
				CLANG_WARN_QUOTED_INCLUDE_IN_FRAMEWORK_HEADER = YES;
				CLANG_WARN_RANGE_LOOP_ANALYSIS = YES;
				CLANG_WARN_STRICT_PROTOTYPES = YES;
				CLANG_WARN_SUSPICIOUS_MOVE = YES;
				CLANG_WARN_UNGUARDED_AVAILABILITY = YES_AGGRESSIVE;
				CLANG_WARN_UNREACHABLE_CODE = YES;
				CLANG_WARN__DUPLICATE_METHOD_MATCH = YES;
				COPY_PHASE_STRIP = NO;
				DEAD_CODE_STRIPPING = YES;
				DEBUG_INFORMATION_FORMAT = "dwarf-with-dsym";
				ENABLE_NS_ASSERTIONS = NO;
				ENABLE_STRICT_OBJC_MSGSEND = YES;
				ENABLE_USER_SCRIPT_SANDBOXING = YES;
				GCC_C_LANGUAGE_STANDARD = gnu17;
				GCC_NO_COMMON_BLOCKS = YES;
				GCC_WARN_64_TO_32_BIT_CONVERSION = YES;
				GCC_WARN_ABOUT_RETURN_TYPE = YES_ERROR;
				GCC_WARN_UNDECLARED_SELECTOR = YES;
				GCC_WARN_UNINITIALIZED_AUTOS = YES_AGGRESSIVE;
				GCC_WARN_UNUSED_FUNCTION = YES;
				GCC_WARN_UNUSED_VARIABLE = YES;
				LOCALIZATION_PREFERS_STRING_CATALOGS = YES;
				MACOSX_DEPLOYMENT_TARGET = 14.0;
				MTL_ENABLE_DEBUG_INFO = NO;
				MTL_FAST_MATH = YES;
				SDKROOT = macosx;
				SWIFT_COMPILATION_MODE = wholemodule;
			};
			name = Release;
		};
		A000000000000000000000D3 /* Debug */ = {
			isa = XCBuildConfiguration;
			buildSettings = {
				ARCHS = arm64;
				ASSETCATALOG_COMPILER_APPICON_NAME = AppIcon;
				ASSETCATALOG_COMPILER_GLOBAL_ACCENT_COLOR_NAME = AccentColor;
				CODE_SIGN_ENTITLEMENTS = Resources/Jot.entitlements;
				CODE_SIGN_IDENTITY = "Developer ID Application";
				CODE_SIGN_STYLE = Manual;
				DEVELOPMENT_TEAM = 8VB2ULDN22;
				COMBINE_HIDPI_IMAGES = YES;
				CURRENT_PROJECT_VERSION = 1;
				DEVELOPMENT_ASSET_PATHS = "";
				ENABLE_HARDENED_RUNTIME = YES;
				ENABLE_PREVIEWS = YES;
				GENERATE_INFOPLIST_FILE = NO;
				INFOPLIST_FILE = Resources/Info.plist;
				INFOPLIST_KEY_LSApplicationCategoryType = "public.app-category.productivity";
				LD_RUNPATH_SEARCH_PATHS = (
					"$(inherited)",
					"@executable_path/../Frameworks",
				);
				MACOSX_DEPLOYMENT_TARGET = 14.0;
				MARKETING_VERSION = 0.1.0;
				PRODUCT_BUNDLE_IDENTIFIER = com.jot.Jot;
				PRODUCT_NAME = "$(TARGET_NAME)";
				SWIFT_EMIT_LOC_STRINGS = YES;
				SWIFT_VERSION = 5.0;
				VALID_ARCHS = arm64;
			};
			name = Debug;
		};
		A000000000000000000000D4 /* Release */ = {
			isa = XCBuildConfiguration;
			buildSettings = {
				ARCHS = arm64;
				ASSETCATALOG_COMPILER_APPICON_NAME = AppIcon;
				ASSETCATALOG_COMPILER_GLOBAL_ACCENT_COLOR_NAME = AccentColor;
				CODE_SIGN_ENTITLEMENTS = Resources/Jot.entitlements;
				CODE_SIGN_IDENTITY = "Developer ID Application";
				CODE_SIGN_STYLE = Manual;
				DEVELOPMENT_TEAM = 8VB2ULDN22;
				COMBINE_HIDPI_IMAGES = YES;
				CURRENT_PROJECT_VERSION = 1;
				DEVELOPMENT_ASSET_PATHS = "";
				ENABLE_HARDENED_RUNTIME = YES;
				ENABLE_PREVIEWS = YES;
				GENERATE_INFOPLIST_FILE = NO;
				INFOPLIST_FILE = Resources/Info.plist;
				INFOPLIST_KEY_LSApplicationCategoryType = "public.app-category.productivity";
				LD_RUNPATH_SEARCH_PATHS = (
					"$(inherited)",
					"@executable_path/../Frameworks",
				);
				MACOSX_DEPLOYMENT_TARGET = 14.0;
				MARKETING_VERSION = 0.1.0;
				PRODUCT_BUNDLE_IDENTIFIER = com.jot.Jot;
				PRODUCT_NAME = "$(TARGET_NAME)";
				SWIFT_EMIT_LOC_STRINGS = YES;
				SWIFT_VERSION = 5.0;
				VALID_ARCHS = arm64;
			};
			name = Release;
		};
/* End XCBuildConfiguration section */

/* Begin XCConfigurationList section */
		A00000000000000000000091 /* Build configuration list for PBXProject "Jot" */ = {
			isa = XCConfigurationList;
			buildConfigurations = (
				A000000000000000000000D1 /* Debug */,
				A000000000000000000000D2 /* Release */,
			);
			defaultConfigurationIsVisible = 0;
			defaultConfigurationName = Release;
		};
		A00000000000000000000070 /* Build configuration list for PBXNativeTarget "Jot" */ = {
			isa = XCConfigurationList;
			buildConfigurations = (
				A000000000000000000000D3 /* Debug */,
				A000000000000000000000D4 /* Release */,
			);
			defaultConfigurationIsVisible = 0;
			defaultConfigurationName = Release;
		};
/* End XCConfigurationList section */

/* Begin XCRemoteSwiftPackageReference section */
		A000000000000000000000C1 /* XCRemoteSwiftPackageReference "FluidAudio" */ = {
			isa = XCRemoteSwiftPackageReference;
			repositoryURL = "https://github.com/FluidInference/FluidAudio";
			requirement = {
				kind = upToNextMajorVersion;
				minimumVersion = 0.1.0;
			};
		};
		A000000000000000000000C2 /* XCRemoteSwiftPackageReference "KeyboardShortcuts" */ = {
			isa = XCRemoteSwiftPackageReference;
			repositoryURL = "https://github.com/sindresorhus/KeyboardShortcuts";
			requirement = {
				kind = upToNextMajorVersion;
				minimumVersion = 2.0.0;
			};
		};
		A000000000000000000000C3 /* XCRemoteSwiftPackageReference "Sparkle" */ = {
			isa = XCRemoteSwiftPackageReference;
			repositoryURL = "https://github.com/sparkle-project/Sparkle";
			requirement = {
				kind = upToNextMajorVersion;
				minimumVersion = 2.0.0;
			};
		};
/* End XCRemoteSwiftPackageReference section */

/* Begin XCSwiftPackageProductDependency section */
		A000000000000000000000A1 /* FluidAudio */ = {
			isa = XCSwiftPackageProductDependency;
			package = A000000000000000000000C1 /* XCRemoteSwiftPackageReference "FluidAudio" */;
			productName = FluidAudio;
		};
		A000000000000000000000A2 /* KeyboardShortcuts */ = {
			isa = XCSwiftPackageProductDependency;
			package = A000000000000000000000C2 /* XCRemoteSwiftPackageReference "KeyboardShortcuts" */;
			productName = KeyboardShortcuts;
		};
		A000000000000000000000A3 /* Sparkle */ = {
			isa = XCSwiftPackageProductDependency;
			package = A000000000000000000000C3 /* XCRemoteSwiftPackageReference "Sparkle" */;
			productName = Sparkle;
		};
/* End XCSwiftPackageProductDependency section */
	};
	rootObject = A00000000000000000000090 /* Project object */;
}
